# This file is autogenerated, do not edit; changes may be undone by the next 'dep ensure'.


[[projects]]
  branch = "master"
  name = "github.com/lxn/walk"
  packages = [
    ".",
    "declarative"
  ]
  revision = "a89b4f3e6b89b23552730f5a2a6e5b68795dfb26"

[[projects]]
  branch = "master"
  name = "github.com/lxn/win"
  packages = ["."]
  revision = "7e1250ba2e7749fb9eb865da9ee93fb5a2fe73f1"

[[projects]]
  name = "gopkg.in/Knetic/govaluate.v3"
  packages = ["."]
  revision = "d216395917cc49052c7c7094cf57f09657ca08a8"
  version = "v3.0.0"

[solve-meta]
  analyzer-name = "dep"
  analyzer-version = 1
  inputs-digest = "9ae7f3fa2eaa6a78db4cfc55f589d39b98e95e3ed3fbb0754deac20398fc3268"
  solver-name = "gps-cdcl"
  solver-version = 1
